
Microsoft Visual Studio Solution File, Format Version 12.00
# Visual Studio Version 16
VisualStudioVersion = 16.0.30320.27
MinimumVisualStudioVersion = 10.0.40219.1
Project("{FAE04EC0-301F-11D3-BF4B-00C04F79EFBC}") = "CloseThatFcknIE", "CloseThatFcknIE.csproj", "{22F221E7-9712-4C6E-90BA-BD08AC316CAA}"
EndProject
Global
	GlobalSection(SolutionConfigurationPlatforms) = preSolution
		Debug|Any CPU = Debug|Any CPU
		Release|Any CPU = Release|Any CPU
	EndGlobalSection
	GlobalSection(ProjectConfigurationPlatforms) = postSolution
		{22F221E7-9712-4C6E-90BA-BD08AC316CAA}.Debug|Any CPU.ActiveCfg = Debug|Any CPU
		{22F221E7-9712-4C6E-90BA-BD08AC316CAA}.Debug|Any CPU.Build.0 = Debug|Any CPU
		{22F221E7-9712-4C6E-90BA-BD08AC316CAA}.Release|Any CPU.ActiveCfg = Release|Any CPU
		{22F221E7-9712-4C6E-90BA-BD08AC316CAA}.Release|Any CPU.Build.0 = Release|Any CPU
	EndGlobalSection
	GlobalSection(SolutionProperties) = preSolution
		HideSolutionNode = FALSE
	EndGlobalSection
	GlobalSection(ExtensibilityGlobals) = postSolution
		SolutionGuid = {EC346190-E6D0-4999-8FDB-96AE2E40E5D4}
	EndGlobalSection
EndGlobal
